{
  "name": "@devs-studio/html",
  "version": "1.0.0",
  "lockfileVersion": 2,
  "requires": true,
  "packages": {
    "": {
      "name": "@devs-studio/html",
      "version": "1.0.0",
      "license": "ISC",
      "dependencies": {
        "@devs-studio/string": "^1.0.4",
        "dom-parser": "^0.1.6"
      }
    },
    "node_modules/@devs-studio/string": {
      "version": "1.0.4",
      "resolved": "https://registry.npmjs.org/@devs-studio/string/-/string-1.0.4.tgz",
      "integrity": "sha512-sOcXMhY0AN+2YInHj+ZGJk+uOj0H1xzubn0KDVD8TjTUiLj42xSUE5KdC7vffeG+por6Fnx/nqXbvww7j2mK8w=="
    },
    "node_modules/dom-parser": {
      "version": "0.1.6",
      "resolved": "https://registry.npmjs.org/dom-parser/-/dom-parser-0.1.6.tgz",
      "integrity": "sha512-3nVRKbLEwmGfghLoeT1dxlK/0votalnOfasP+8VCHYDfDuCETY4LeMblfOeqww6XZk2ymZ1Uewy/hVad6Dy3yw=="
    }
  },
  "dependencies": {
    "@devs-studio/string": {
      "version": "1.0.4",
      "resolved": "https://registry.npmjs.org/@devs-studio/string/-/string-1.0.4.tgz",
      "integrity": "sha512-sOcXMhY0AN+2YInHj+ZGJk+uOj0H1xzubn0KDVD8TjTUiLj42xSUE5KdC7vffeG+por6Fnx/nqXbvww7j2mK8w=="
    },
    "dom-parser": {
      "version": "0.1.6",
      "resolved": "https://registry.npmjs.org/dom-parser/-/dom-parser-0.1.6.tgz",
      "integrity": "sha512-3nVRKbLEwmGfghLoeT1dxlK/0votalnOfasP+8VCHYDfDuCETY4LeMblfOeqww6XZk2ymZ1Uewy/hVad6Dy3yw=="
    }
  }
}
